
Microsoft Visual Studio Solution File, Format Version 12.00
# Visual Studio Version 16
VisualStudioVersion = 16.0.30804.86
MinimumVisualStudioVersion = 10.0.40219.1
Project("{FAE04EC0-301F-11D3-BF4B-00C04F79EFBC}") = "SantaGame", "SantaGame\SantaGame.csproj", "{87540F11-60CA-417C-BD13-C85006B91C95}"
EndProject
Global
	GlobalSection(SolutionConfigurationPlatforms) = preSolution
		Debug|Any CPU = Debug|Any CPU
		Release|Any CPU = Release|Any CPU
	EndGlobalSection
	GlobalSection(ProjectConfigurationPlatforms) = postSolution
		{87540F11-60CA-417C-BD13-C85006B91C95}.Debug|Any CPU.ActiveCfg = Debug|Any CPU
		{87540F11-60CA-417C-BD13-C85006B91C95}.Debug|Any CPU.Build.0 = Debug|Any CPU
		{87540F11-60CA-417C-BD13-C85006B91C95}.Release|Any CPU.ActiveCfg = Release|Any CPU
		{87540F11-60CA-417C-BD13-C85006B91C95}.Release|Any CPU.Build.0 = Release|Any CPU
	EndGlobalSection
	GlobalSection(SolutionProperties) = preSolution
		HideSolutionNode = FALSE
	EndGlobalSection
	GlobalSection(ExtensibilityGlobals) = postSolution
		SolutionGuid = {922CF1B9-267D-4A29-8874-F01EE38488DA}
	EndGlobalSection
EndGlobal
